
Microsoft Visual Studio Solution File, Format Version 12.00
# Visual Studio Version 16
VisualStudioVersion = 16.0.31729.503
MinimumVisualStudioVersion = 10.0.40219.1
Project("{FAE04EC0-301F-11D3-BF4B-00C04F79EFBC}") = "CarStoreFormGUI", "CarStoreFormGUI.csproj", "{C5C80F63-B3D4-45E6-8CFC-B15B85F53C32}"
EndProject
Project("{9A19103F-16F7-4668-BE54-9A1E7A4F7556}") = "CarClassLibrary", "..\CarClassLibraryGUI\CarClassLibrary.csproj", "{B32CC356-14A7-4ED2-9A1E-77E5A76250BB}"
EndProject
Global
	GlobalSection(SolutionConfigurationPlatforms) = preSolution
		Debug|Any CPU = Debug|Any CPU
		Release|Any CPU = Release|Any CPU
	EndGlobalSection
	GlobalSection(ProjectConfigurationPlatforms) = postSolution
		{C5C80F63-B3D4-45E6-8CFC-B15B85F53C32}.Debug|Any CPU.ActiveCfg = Debug|Any CPU
		{C5C80F63-B3D4-45E6-8CFC-B15B85F53C32}.Debug|Any CPU.Build.0 = Debug|Any CPU
		{C5C80F63-B3D4-45E6-8CFC-B15B85F53C32}.Release|Any CPU.ActiveCfg = Release|Any CPU
		{C5C80F63-B3D4-45E6-8CFC-B15B85F53C32}.Release|Any CPU.Build.0 = Release|Any CPU
		{B32CC356-14A7-4ED2-9A1E-77E5A76250BB}.Debug|Any CPU.ActiveCfg = Debug|Any CPU
		{B32CC356-14A7-4ED2-9A1E-77E5A76250BB}.Debug|Any CPU.Build.0 = Debug|Any CPU
		{B32CC356-14A7-4ED2-9A1E-77E5A76250BB}.Release|Any CPU.ActiveCfg = Release|Any CPU
		{B32CC356-14A7-4ED2-9A1E-77E5A76250BB}.Release|Any CPU.Build.0 = Release|Any CPU
	EndGlobalSection
	GlobalSection(SolutionProperties) = preSolution
		HideSolutionNode = FALSE
	EndGlobalSection
	GlobalSection(ExtensibilityGlobals) = postSolution
		SolutionGuid = {24744829-1A1E-4255-A40A-9D674DF2CA58}
	EndGlobalSection
EndGlobal
